
Microsoft Visual Studio Solution File, Format Version 12.00
Project("{FAE04EC0-301F-11D3-BF4B-00C04F79EFBC}") = "YAMNL", "YAMNL\YAMNL.csproj", "{09DD78FA-807F-46E8-9B97-9DBE979C81AD}"
EndProject
Global
	GlobalSection(SolutionConfigurationPlatforms) = preSolution
		Debug|Any CPU = Debug|Any CPU
		Release|Any CPU = Release|Any CPU
	EndGlobalSection
	GlobalSection(ProjectConfigurationPlatforms) = postSolution
		{09DD78FA-807F-46E8-9B97-9DBE979C81AD}.Debug|Any CPU.ActiveCfg = Debug|Any CPU
		{09DD78FA-807F-46E8-9B97-9DBE979C81AD}.Debug|Any CPU.Build.0 = Debug|Any CPU
		{09DD78FA-807F-46E8-9B97-9DBE979C81AD}.Release|Any CPU.ActiveCfg = Release|Any CPU
		{09DD78FA-807F-46E8-9B97-9DBE979C81AD}.Release|Any CPU.Build.0 = Release|Any CPU
	EndGlobalSection
EndGlobal
